
Microsoft Visual Studio Solution File, Format Version 12.00
# Visual Studio 15
VisualStudioVersion = 15.0.28307.421
MinimumVisualStudioVersion = 10.0.40219.1
Project("{FAE04EC0-301F-11D3-BF4B-00C04F79EFBC}") = "BOSS", "BOSS\BOSS.csproj", "{A811B08A-6786-4D46-94B2-08EDB88A6A91}"
EndProject
Global
	GlobalSection(SolutionConfigurationPlatforms) = preSolution
		Debug|Any CPU = Debug|Any CPU
		Release|Any CPU = Release|Any CPU
	EndGlobalSection
	GlobalSection(ProjectConfigurationPlatforms) = postSolution
		{A811B08A-6786-4D46-94B2-08EDB88A6A91}.Debug|Any CPU.ActiveCfg = Debug|Any CPU
		{A811B08A-6786-4D46-94B2-08EDB88A6A91}.Debug|Any CPU.Build.0 = Debug|Any CPU
		{A811B08A-6786-4D46-94B2-08EDB88A6A91}.Release|Any CPU.ActiveCfg = Release|Any CPU
		{A811B08A-6786-4D46-94B2-08EDB88A6A91}.Release|Any CPU.Build.0 = Release|Any CPU
	EndGlobalSection
	GlobalSection(SolutionProperties) = preSolution
		HideSolutionNode = FALSE
	EndGlobalSection
	GlobalSection(ExtensibilityGlobals) = postSolution
		SolutionGuid = {F042A0FC-0E12-473C-8F5D-831910AE1FCF}
	EndGlobalSection
EndGlobal
